
Microsoft Visual Studio Solution File, Format Version 12.00
# Visual Studio Version 16
VisualStudioVersion = 16.0.29322.22
MinimumVisualStudioVersion = 15.0.26124.0
Project("{2150E333-8FDC-42A3-9474-1A3956D46DE8}") = "Solution Items", "Solution Items", "{1CE9670B-D5FF-46A7-9D00-24E70E6ED48B}"
	ProjectSection(SolutionItems) = preProject
		.editorconfig = .editorconfig
		Directory.Build.props = Directory.Build.props
		Directory.Build.targets = Directory.Build.targets
		global.json = global.json
		nuget.config = nuget.config
		stylecop.json = stylecop.json
		version.json = version.json
	EndProjectSection
EndProject
Project("{2150E333-8FDC-42A3-9474-1A3956D46DE8}") = "src", "src", "{9E154A29-1796-4B85-BD81-B6A385D8FF71}"
	ProjectSection(SolutionItems) = preProject
		src\.editorconfig = src\.editorconfig
		src\Directory.Build.props = src\Directory.Build.props
		src\Directory.Build.targets = src\Directory.Build.targets
	EndProjectSection
EndProject
Project("{2150E333-8FDC-42A3-9474-1A3956D46DE8}") = "test", "test", "{36CCE840-6FE5-4DB9-A8D5-8CF3CB6D342A}"
	ProjectSection(SolutionItems) = preProject
		test\.editorconfig = test\.editorconfig
		test\Directory.Build.props = test\Directory.Build.props
		test\Directory.Build.targets = test\Directory.Build.targets
	EndProjectSection
EndProject
Project("{FAE04EC0-301F-11D3-BF4B-00C04F79EFBC}") = "PureActive.Core.Test.XUnit", "src\PureActive.Core.Test.XUnit\PureActive.Core.Test.XUnit.csproj", "{A816051A-6F25-4085-AF46-DF3C54480170}"
EndProject
Project("{FAE04EC0-301F-11D3-BF4B-00C04F79EFBC}") = "PureActive.Core.Test.XUnit.Tests", "test\PureActive.Core.Test.XUnit.Tests\PureActive.Core.Test.XUnit.Tests.csproj", "{A27EBA05-6D35-448D-AC5A-D6C4581829DD}"
EndProject
Global
	GlobalSection(SolutionConfigurationPlatforms) = preSolution
		Debug|Any CPU = Debug|Any CPU
		Release|Any CPU = Release|Any CPU
	EndGlobalSection
	GlobalSection(ProjectConfigurationPlatforms) = postSolution
		{A816051A-6F25-4085-AF46-DF3C54480170}.Debug|Any CPU.ActiveCfg = Debug|Any CPU
		{A816051A-6F25-4085-AF46-DF3C54480170}.Debug|Any CPU.Build.0 = Debug|Any CPU
		{A816051A-6F25-4085-AF46-DF3C54480170}.Release|Any CPU.ActiveCfg = Release|Any CPU
		{A816051A-6F25-4085-AF46-DF3C54480170}.Release|Any CPU.Build.0 = Release|Any CPU
		{A27EBA05-6D35-448D-AC5A-D6C4581829DD}.Debug|Any CPU.ActiveCfg = Debug|Any CPU
		{A27EBA05-6D35-448D-AC5A-D6C4581829DD}.Debug|Any CPU.Build.0 = Debug|Any CPU
		{A27EBA05-6D35-448D-AC5A-D6C4581829DD}.Release|Any CPU.ActiveCfg = Release|Any CPU
		{A27EBA05-6D35-448D-AC5A-D6C4581829DD}.Release|Any CPU.Build.0 = Release|Any CPU
	EndGlobalSection
	GlobalSection(SolutionProperties) = preSolution
		HideSolutionNode = FALSE
	EndGlobalSection
	GlobalSection(ExtensibilityGlobals) = postSolution
		SolutionGuid = {E3944F6A-384B-4B0F-B93F-3BD513DC57BD}
	EndGlobalSection
	GlobalSection(NestedProjects) = preSolution
		{A816051A-6F25-4085-AF46-DF3C54480170} = {9E154A29-1796-4B85-BD81-B6A385D8FF71}
		{A27EBA05-6D35-448D-AC5A-D6C4581829DD} = {36CCE840-6FE5-4DB9-A8D5-8CF3CB6D342A}
	EndGlobalSection
EndGlobal
